
Microsoft Visual Studio Solution File, Format Version 12.00
# Visual Studio Version 16
VisualStudioVersion = 16.0.30523.141
MinimumVisualStudioVersion = 10.0.40219.1
Project("{FAE04EC0-301F-11D3-BF4B-00C04F79EFBC}") = "TaxiFarePrediction", "TaxiFarePrediction\TaxiFarePrediction.csproj", "{CD2F6FC9-1BDF-4299-ABD2-053049A7EF15}"
EndProject
Global
	GlobalSection(SolutionConfigurationPlatforms) = preSolution
		Debug|Any CPU = Debug|Any CPU
		Release|Any CPU = Release|Any CPU
	EndGlobalSection
	GlobalSection(ProjectConfigurationPlatforms) = postSolution
		{CD2F6FC9-1BDF-4299-ABD2-053049A7EF15}.Debug|Any CPU.ActiveCfg = Debug|Any CPU
		{CD2F6FC9-1BDF-4299-ABD2-053049A7EF15}.Debug|Any CPU.Build.0 = Debug|Any CPU
		{CD2F6FC9-1BDF-4299-ABD2-053049A7EF15}.Release|Any CPU.ActiveCfg = Release|Any CPU
		{CD2F6FC9-1BDF-4299-ABD2-053049A7EF15}.Release|Any CPU.Build.0 = Release|Any CPU
	EndGlobalSection
	GlobalSection(SolutionProperties) = preSolution
		HideSolutionNode = FALSE
	EndGlobalSection
	GlobalSection(ExtensibilityGlobals) = postSolution
		SolutionGuid = {455D04F4-C628-43D2-BF01-15B8E5D5D05C}
	EndGlobalSection
EndGlobal
